
Microsoft Visual Studio Solution File, Format Version 12.00
# Visual Studio Version 16
VisualStudioVersion = 16.0.30114.105
MinimumVisualStudioVersion = 10.0.40219.1
Project("{FAE04EC0-301F-11D3-BF4B-00C04F79EFBC}") = "ListViewApp", "ListViewApp.csproj", "{B7F03069-2547-4B17-B3FA-9A5E9937A735}"
EndProject
Global
	GlobalSection(SolutionConfigurationPlatforms) = preSolution
		Debug|Any CPU = Debug|Any CPU
		Release|Any CPU = Release|Any CPU
	EndGlobalSection
	GlobalSection(ProjectConfigurationPlatforms) = postSolution
		{B7F03069-2547-4B17-B3FA-9A5E9937A735}.Debug|Any CPU.ActiveCfg = Debug|Any CPU
		{B7F03069-2547-4B17-B3FA-9A5E9937A735}.Debug|Any CPU.Build.0 = Debug|Any CPU
		{B7F03069-2547-4B17-B3FA-9A5E9937A735}.Release|Any CPU.ActiveCfg = Release|Any CPU
		{B7F03069-2547-4B17-B3FA-9A5E9937A735}.Release|Any CPU.Build.0 = Release|Any CPU
	EndGlobalSection
	GlobalSection(SolutionProperties) = preSolution
		HideSolutionNode = FALSE
	EndGlobalSection
	GlobalSection(ExtensibilityGlobals) = postSolution
		SolutionGuid = {99452B80-4FCE-4646-8DA0-75F19996D664}
	EndGlobalSection
EndGlobal
