
Microsoft Visual Studio Solution File, Format Version 12.00
# Visual Studio Version 16
VisualStudioVersion = 16.0.30114.105
MinimumVisualStudioVersion = 10.0.40219.1
Project("{FAE04EC0-301F-11D3-BF4B-00C04F79EFBC}") = "OpenFileDialog", "OpenFileDialog.csproj", "{D3E1F32C-2F97-4021-9C77-4B26AEC133BA}"
EndProject
Global
	GlobalSection(SolutionConfigurationPlatforms) = preSolution
		Debug|Any CPU = Debug|Any CPU
		Release|Any CPU = Release|Any CPU
	EndGlobalSection
	GlobalSection(ProjectConfigurationPlatforms) = postSolution
		{D3E1F32C-2F97-4021-9C77-4B26AEC133BA}.Debug|Any CPU.ActiveCfg = Debug|Any CPU
		{D3E1F32C-2F97-4021-9C77-4B26AEC133BA}.Debug|Any CPU.Build.0 = Debug|Any CPU
		{D3E1F32C-2F97-4021-9C77-4B26AEC133BA}.Release|Any CPU.ActiveCfg = Release|Any CPU
		{D3E1F32C-2F97-4021-9C77-4B26AEC133BA}.Release|Any CPU.Build.0 = Release|Any CPU
	EndGlobalSection
	GlobalSection(SolutionProperties) = preSolution
		HideSolutionNode = FALSE
	EndGlobalSection
	GlobalSection(ExtensibilityGlobals) = postSolution
		SolutionGuid = {DBBF745F-D495-47FC-8C44-903F8D5F95CD}
	EndGlobalSection
EndGlobal
