
Microsoft Visual Studio Solution File, Format Version 12.00
# Visual Studio Version 16
VisualStudioVersion = 16.0.30114.105
MinimumVisualStudioVersion = 10.0.40219.1
Project("{FAE04EC0-301F-11D3-BF4B-00C04F79EFBC}") = "code06_19", "code06_19.csproj", "{07E9DBB4-4E69-4C4F-966B-42A51F6FF14C}"
EndProject
Global
	GlobalSection(SolutionConfigurationPlatforms) = preSolution
		Debug|Any CPU = Debug|Any CPU
		Release|Any CPU = Release|Any CPU
	EndGlobalSection
	GlobalSection(ProjectConfigurationPlatforms) = postSolution
		{07E9DBB4-4E69-4C4F-966B-42A51F6FF14C}.Debug|Any CPU.ActiveCfg = Debug|Any CPU
		{07E9DBB4-4E69-4C4F-966B-42A51F6FF14C}.Debug|Any CPU.Build.0 = Debug|Any CPU
		{07E9DBB4-4E69-4C4F-966B-42A51F6FF14C}.Release|Any CPU.ActiveCfg = Release|Any CPU
		{07E9DBB4-4E69-4C4F-966B-42A51F6FF14C}.Release|Any CPU.Build.0 = Release|Any CPU
	EndGlobalSection
	GlobalSection(SolutionProperties) = preSolution
		HideSolutionNode = FALSE
	EndGlobalSection
	GlobalSection(ExtensibilityGlobals) = postSolution
		SolutionGuid = {15A3CBEB-C2B6-49C8-8316-3E6F69C9BCEF}
	EndGlobalSection
EndGlobal
