
Microsoft Visual Studio Solution File, Format Version 12.00
# Visual Studio Version 16
VisualStudioVersion = 16.0.30114.105
MinimumVisualStudioVersion = 10.0.40219.1
Project("{FAE04EC0-301F-11D3-BF4B-00C04F79EFBC}") = "CheckedListBoxApp", "CheckedListBoxApp.csproj", "{EE3B7981-9FB7-4B78-B3B5-EC2DE5B07F09}"
EndProject
Global
	GlobalSection(SolutionConfigurationPlatforms) = preSolution
		Debug|Any CPU = Debug|Any CPU
		Release|Any CPU = Release|Any CPU
	EndGlobalSection
	GlobalSection(ProjectConfigurationPlatforms) = postSolution
		{EE3B7981-9FB7-4B78-B3B5-EC2DE5B07F09}.Debug|Any CPU.ActiveCfg = Debug|Any CPU
		{EE3B7981-9FB7-4B78-B3B5-EC2DE5B07F09}.Debug|Any CPU.Build.0 = Debug|Any CPU
		{EE3B7981-9FB7-4B78-B3B5-EC2DE5B07F09}.Release|Any CPU.ActiveCfg = Release|Any CPU
		{EE3B7981-9FB7-4B78-B3B5-EC2DE5B07F09}.Release|Any CPU.Build.0 = Release|Any CPU
	EndGlobalSection
	GlobalSection(SolutionProperties) = preSolution
		HideSolutionNode = FALSE
	EndGlobalSection
	GlobalSection(ExtensibilityGlobals) = postSolution
		SolutionGuid = {1155E87C-302C-432B-A496-17B311F2E27E}
	EndGlobalSection
EndGlobal
