
Microsoft Visual Studio Solution File, Format Version 12.00
# Visual Studio Version 16
VisualStudioVersion = 16.0.30114.105
MinimumVisualStudioVersion = 10.0.40219.1
Project("{FAE04EC0-301F-11D3-BF4B-00C04F79EFBC}") = "code06_04", "code06_04.csproj", "{79751E34-AD37-44F0-B77F-B1DB86A4EB4A}"
EndProject
Global
	GlobalSection(SolutionConfigurationPlatforms) = preSolution
		Debug|Any CPU = Debug|Any CPU
		Release|Any CPU = Release|Any CPU
	EndGlobalSection
	GlobalSection(ProjectConfigurationPlatforms) = postSolution
		{79751E34-AD37-44F0-B77F-B1DB86A4EB4A}.Debug|Any CPU.ActiveCfg = Debug|Any CPU
		{79751E34-AD37-44F0-B77F-B1DB86A4EB4A}.Debug|Any CPU.Build.0 = Debug|Any CPU
		{79751E34-AD37-44F0-B77F-B1DB86A4EB4A}.Release|Any CPU.ActiveCfg = Release|Any CPU
		{79751E34-AD37-44F0-B77F-B1DB86A4EB4A}.Release|Any CPU.Build.0 = Release|Any CPU
	EndGlobalSection
	GlobalSection(SolutionProperties) = preSolution
		HideSolutionNode = FALSE
	EndGlobalSection
	GlobalSection(ExtensibilityGlobals) = postSolution
		SolutionGuid = {C6ABBAB0-A991-4491-91B3-F09D777586A9}
	EndGlobalSection
EndGlobal
