
Microsoft Visual Studio Solution File, Format Version 12.00
# Visual Studio Version 16
VisualStudioVersion = 16.0.30114.105
MinimumVisualStudioVersion = 10.0.40219.1
Project("{FAE04EC0-301F-11D3-BF4B-00C04F79EFBC}") = "ModellessApp", "ModellessApp.csproj", "{95D1CCCA-36E4-4591-8245-BBD720460BB9}"
EndProject
Global
	GlobalSection(SolutionConfigurationPlatforms) = preSolution
		Debug|Any CPU = Debug|Any CPU
		Release|Any CPU = Release|Any CPU
	EndGlobalSection
	GlobalSection(ProjectConfigurationPlatforms) = postSolution
		{95D1CCCA-36E4-4591-8245-BBD720460BB9}.Debug|Any CPU.ActiveCfg = Debug|Any CPU
		{95D1CCCA-36E4-4591-8245-BBD720460BB9}.Debug|Any CPU.Build.0 = Debug|Any CPU
		{95D1CCCA-36E4-4591-8245-BBD720460BB9}.Release|Any CPU.ActiveCfg = Release|Any CPU
		{95D1CCCA-36E4-4591-8245-BBD720460BB9}.Release|Any CPU.Build.0 = Release|Any CPU
	EndGlobalSection
	GlobalSection(SolutionProperties) = preSolution
		HideSolutionNode = FALSE
	EndGlobalSection
	GlobalSection(ExtensibilityGlobals) = postSolution
		SolutionGuid = {7747BDBC-82C7-409E-AE0D-68613E8A613E}
	EndGlobalSection
EndGlobal
