
Microsoft Visual Studio Solution File, Format Version 12.00
# Visual Studio Version 16
VisualStudioVersion = 16.0.30114.105
MinimumVisualStudioVersion = 10.0.40219.1
Project("{FAE04EC0-301F-11D3-BF4B-00C04F79EFBC}") = "code04_26", "code04_26.csproj", "{851AC8BA-4809-401C-AAED-C1EE33DB5B60}"
EndProject
Global
	GlobalSection(SolutionConfigurationPlatforms) = preSolution
		Debug|Any CPU = Debug|Any CPU
		Release|Any CPU = Release|Any CPU
	EndGlobalSection
	GlobalSection(ProjectConfigurationPlatforms) = postSolution
		{851AC8BA-4809-401C-AAED-C1EE33DB5B60}.Debug|Any CPU.ActiveCfg = Debug|Any CPU
		{851AC8BA-4809-401C-AAED-C1EE33DB5B60}.Debug|Any CPU.Build.0 = Debug|Any CPU
		{851AC8BA-4809-401C-AAED-C1EE33DB5B60}.Release|Any CPU.ActiveCfg = Release|Any CPU
		{851AC8BA-4809-401C-AAED-C1EE33DB5B60}.Release|Any CPU.Build.0 = Release|Any CPU
	EndGlobalSection
	GlobalSection(SolutionProperties) = preSolution
		HideSolutionNode = FALSE
	EndGlobalSection
	GlobalSection(ExtensibilityGlobals) = postSolution
		SolutionGuid = {86A8FFAB-6A05-4B77-860A-B9F223A98F25}
	EndGlobalSection
EndGlobal
