
Microsoft Visual Studio Solution File, Format Version 12.00
# Visual Studio Version 16
VisualStudioVersion = 16.0.30114.105
MinimumVisualStudioVersion = 10.0.40219.1
Project("{FAE04EC0-301F-11D3-BF4B-00C04F79EFBC}") = "ex10.6_5", "ex10.6_5.csproj", "{A2715A19-EFD5-4CFB-A507-9FBFBF66C95B}"
EndProject
Global
	GlobalSection(SolutionConfigurationPlatforms) = preSolution
		Debug|Any CPU = Debug|Any CPU
		Release|Any CPU = Release|Any CPU
	EndGlobalSection
	GlobalSection(ProjectConfigurationPlatforms) = postSolution
		{A2715A19-EFD5-4CFB-A507-9FBFBF66C95B}.Debug|Any CPU.ActiveCfg = Debug|Any CPU
		{A2715A19-EFD5-4CFB-A507-9FBFBF66C95B}.Debug|Any CPU.Build.0 = Debug|Any CPU
		{A2715A19-EFD5-4CFB-A507-9FBFBF66C95B}.Release|Any CPU.ActiveCfg = Release|Any CPU
		{A2715A19-EFD5-4CFB-A507-9FBFBF66C95B}.Release|Any CPU.Build.0 = Release|Any CPU
	EndGlobalSection
	GlobalSection(SolutionProperties) = preSolution
		HideSolutionNode = FALSE
	EndGlobalSection
	GlobalSection(ExtensibilityGlobals) = postSolution
		SolutionGuid = {10B42447-32F4-4BE4-A097-99A6DD4965A2}
	EndGlobalSection
EndGlobal
