
Microsoft Visual Studio Solution File, Format Version 12.00
# Visual Studio Version 16
VisualStudioVersion = 16.0.30114.105
MinimumVisualStudioVersion = 10.0.40219.1
Project("{FAE04EC0-301F-11D3-BF4B-00C04F79EFBC}") = "Hello World", "Hello World.csproj", "{FB4B4343-5A26-4A18-94D4-4C95A21315EB}"
EndProject
Global
	GlobalSection(SolutionConfigurationPlatforms) = preSolution
		Debug|Any CPU = Debug|Any CPU
		Release|Any CPU = Release|Any CPU
	EndGlobalSection
	GlobalSection(ProjectConfigurationPlatforms) = postSolution
		{FB4B4343-5A26-4A18-94D4-4C95A21315EB}.Debug|Any CPU.ActiveCfg = Debug|Any CPU
		{FB4B4343-5A26-4A18-94D4-4C95A21315EB}.Debug|Any CPU.Build.0 = Debug|Any CPU
		{FB4B4343-5A26-4A18-94D4-4C95A21315EB}.Release|Any CPU.ActiveCfg = Release|Any CPU
		{FB4B4343-5A26-4A18-94D4-4C95A21315EB}.Release|Any CPU.Build.0 = Release|Any CPU
	EndGlobalSection
	GlobalSection(SolutionProperties) = preSolution
		HideSolutionNode = FALSE
	EndGlobalSection
	GlobalSection(ExtensibilityGlobals) = postSolution
		SolutionGuid = {D842CD12-727C-4B59-9CE0-A4426D386806}
	EndGlobalSection
EndGlobal
