
Microsoft Visual Studio Solution File, Format Version 12.00
# Visual Studio Version 16
VisualStudioVersion = 16.0.30114.105
MinimumVisualStudioVersion = 10.0.40219.1
Project("{FAE04EC0-301F-11D3-BF4B-00C04F79EFBC}") = "7", "7.csproj", "{DA863C6F-8064-49C6-9879-30618FB6460B}"
EndProject
Global
	GlobalSection(SolutionConfigurationPlatforms) = preSolution
		Debug|Any CPU = Debug|Any CPU
		Release|Any CPU = Release|Any CPU
	EndGlobalSection
	GlobalSection(ProjectConfigurationPlatforms) = postSolution
		{DA863C6F-8064-49C6-9879-30618FB6460B}.Debug|Any CPU.ActiveCfg = Debug|Any CPU
		{DA863C6F-8064-49C6-9879-30618FB6460B}.Debug|Any CPU.Build.0 = Debug|Any CPU
		{DA863C6F-8064-49C6-9879-30618FB6460B}.Release|Any CPU.ActiveCfg = Release|Any CPU
		{DA863C6F-8064-49C6-9879-30618FB6460B}.Release|Any CPU.Build.0 = Release|Any CPU
	EndGlobalSection
	GlobalSection(SolutionProperties) = preSolution
		HideSolutionNode = FALSE
	EndGlobalSection
	GlobalSection(ExtensibilityGlobals) = postSolution
		SolutionGuid = {CD13AF89-BF08-442A-BD42-184A518BDE97}
	EndGlobalSection
EndGlobal
