
Microsoft Visual Studio Solution File, Format Version 12.00
# Visual Studio Version 16
VisualStudioVersion = 16.0.30114.105
MinimumVisualStudioVersion = 10.0.40219.1
Project("{FAE04EC0-301F-11D3-BF4B-00C04F79EFBC}") = "pyramid", "pyramid.csproj", "{EEAFBF47-D4E4-4ABD-A5BB-00C7051119D1}"
EndProject
Global
	GlobalSection(SolutionConfigurationPlatforms) = preSolution
		Debug|Any CPU = Debug|Any CPU
		Release|Any CPU = Release|Any CPU
	EndGlobalSection
	GlobalSection(ProjectConfigurationPlatforms) = postSolution
		{EEAFBF47-D4E4-4ABD-A5BB-00C7051119D1}.Debug|Any CPU.ActiveCfg = Debug|Any CPU
		{EEAFBF47-D4E4-4ABD-A5BB-00C7051119D1}.Debug|Any CPU.Build.0 = Debug|Any CPU
		{EEAFBF47-D4E4-4ABD-A5BB-00C7051119D1}.Release|Any CPU.ActiveCfg = Release|Any CPU
		{EEAFBF47-D4E4-4ABD-A5BB-00C7051119D1}.Release|Any CPU.Build.0 = Release|Any CPU
	EndGlobalSection
	GlobalSection(SolutionProperties) = preSolution
		HideSolutionNode = FALSE
	EndGlobalSection
	GlobalSection(ExtensibilityGlobals) = postSolution
		SolutionGuid = {E19A38B4-6222-44F1-A41B-3ED141AA442B}
	EndGlobalSection
EndGlobal
