
Microsoft Visual Studio Solution File, Format Version 12.00
# Visual Studio Version 16
VisualStudioVersion = 16.0.31025.194
MinimumVisualStudioVersion = 10.0.40219.1
Project("{FAE04EC0-301F-11D3-BF4B-00C04F79EFBC}") = "20210305_01", "20210305_01.csproj", "{0FADA79A-2F04-4358-A79A-6519177BD9DB}"
EndProject
Global
	GlobalSection(SolutionConfigurationPlatforms) = preSolution
		Debug|Any CPU = Debug|Any CPU
		Release|Any CPU = Release|Any CPU
	EndGlobalSection
	GlobalSection(ProjectConfigurationPlatforms) = postSolution
		{0FADA79A-2F04-4358-A79A-6519177BD9DB}.Debug|Any CPU.ActiveCfg = Debug|Any CPU
		{0FADA79A-2F04-4358-A79A-6519177BD9DB}.Debug|Any CPU.Build.0 = Debug|Any CPU
		{0FADA79A-2F04-4358-A79A-6519177BD9DB}.Release|Any CPU.ActiveCfg = Release|Any CPU
		{0FADA79A-2F04-4358-A79A-6519177BD9DB}.Release|Any CPU.Build.0 = Release|Any CPU
	EndGlobalSection
	GlobalSection(SolutionProperties) = preSolution
		HideSolutionNode = FALSE
	EndGlobalSection
	GlobalSection(ExtensibilityGlobals) = postSolution
		SolutionGuid = {32ED7BFB-6124-49D9-9E68-8AF6FF0A51DE}
	EndGlobalSection
EndGlobal
