
Microsoft Visual Studio Solution File, Format Version 12.00
# Visual Studio Version 16
VisualStudioVersion = 16.0.30114.105
MinimumVisualStudioVersion = 10.0.40219.1
Project("{FAE04EC0-301F-11D3-BF4B-00C04F79EFBC}") = "code06_17", "code06_17.csproj", "{03434FE9-6A1E-4C4C-BDD2-C6BD98014ADB}"
EndProject
Global
	GlobalSection(SolutionConfigurationPlatforms) = preSolution
		Debug|Any CPU = Debug|Any CPU
		Release|Any CPU = Release|Any CPU
	EndGlobalSection
	GlobalSection(ProjectConfigurationPlatforms) = postSolution
		{03434FE9-6A1E-4C4C-BDD2-C6BD98014ADB}.Debug|Any CPU.ActiveCfg = Debug|Any CPU
		{03434FE9-6A1E-4C4C-BDD2-C6BD98014ADB}.Debug|Any CPU.Build.0 = Debug|Any CPU
		{03434FE9-6A1E-4C4C-BDD2-C6BD98014ADB}.Release|Any CPU.ActiveCfg = Release|Any CPU
		{03434FE9-6A1E-4C4C-BDD2-C6BD98014ADB}.Release|Any CPU.Build.0 = Release|Any CPU
	EndGlobalSection
	GlobalSection(SolutionProperties) = preSolution
		HideSolutionNode = FALSE
	EndGlobalSection
	GlobalSection(ExtensibilityGlobals) = postSolution
		SolutionGuid = {506F8FCC-CB97-4A31-B47A-1C43A30AB3D7}
	EndGlobalSection
EndGlobal
