
Microsoft Visual Studio Solution File, Format Version 12.00
# Visual Studio Version 16
VisualStudioVersion = 16.0.31129.286
MinimumVisualStudioVersion = 10.0.40219.1
Project("{FAE04EC0-301F-11D3-BF4B-00C04F79EFBC}") = "20210415_02", "20210415_02.csproj", "{DB8FF789-89C6-403F-8FF5-B18D507CD484}"
EndProject
Global
	GlobalSection(SolutionConfigurationPlatforms) = preSolution
		Debug|Any CPU = Debug|Any CPU
		Release|Any CPU = Release|Any CPU
	EndGlobalSection
	GlobalSection(ProjectConfigurationPlatforms) = postSolution
		{DB8FF789-89C6-403F-8FF5-B18D507CD484}.Debug|Any CPU.ActiveCfg = Debug|Any CPU
		{DB8FF789-89C6-403F-8FF5-B18D507CD484}.Debug|Any CPU.Build.0 = Debug|Any CPU
		{DB8FF789-89C6-403F-8FF5-B18D507CD484}.Release|Any CPU.ActiveCfg = Release|Any CPU
		{DB8FF789-89C6-403F-8FF5-B18D507CD484}.Release|Any CPU.Build.0 = Release|Any CPU
	EndGlobalSection
	GlobalSection(SolutionProperties) = preSolution
		HideSolutionNode = FALSE
	EndGlobalSection
	GlobalSection(ExtensibilityGlobals) = postSolution
		SolutionGuid = {7781CEE2-349E-4910-9A5E-8337E73F23CA}
	EndGlobalSection
EndGlobal
