
Microsoft Visual Studio Solution File, Format Version 12.00
# Visual Studio Version 16
VisualStudioVersion = 16.0.30114.105
MinimumVisualStudioVersion = 10.0.40219.1
Project("{FAE04EC0-301F-11D3-BF4B-00C04F79EFBC}") = "MouseEventApp", "MouseEventApp.csproj", "{D1A0ACEF-CE3D-466C-A176-53710B5A8C85}"
EndProject
Global
	GlobalSection(SolutionConfigurationPlatforms) = preSolution
		Debug|Any CPU = Debug|Any CPU
		Release|Any CPU = Release|Any CPU
	EndGlobalSection
	GlobalSection(ProjectConfigurationPlatforms) = postSolution
		{D1A0ACEF-CE3D-466C-A176-53710B5A8C85}.Debug|Any CPU.ActiveCfg = Debug|Any CPU
		{D1A0ACEF-CE3D-466C-A176-53710B5A8C85}.Debug|Any CPU.Build.0 = Debug|Any CPU
		{D1A0ACEF-CE3D-466C-A176-53710B5A8C85}.Release|Any CPU.ActiveCfg = Release|Any CPU
		{D1A0ACEF-CE3D-466C-A176-53710B5A8C85}.Release|Any CPU.Build.0 = Release|Any CPU
	EndGlobalSection
	GlobalSection(SolutionProperties) = preSolution
		HideSolutionNode = FALSE
	EndGlobalSection
	GlobalSection(ExtensibilityGlobals) = postSolution
		SolutionGuid = {87253D5A-69D8-4425-8E30-023D3ACA7A80}
	EndGlobalSection
EndGlobal
