
Microsoft Visual Studio Solution File, Format Version 12.00
# Visual Studio Version 16
VisualStudioVersion = 16.0.30114.105
MinimumVisualStudioVersion = 10.0.40219.1
Project("{FAE04EC0-301F-11D3-BF4B-00C04F79EFBC}") = "FirstFormApplication", "FirstFormApplication.csproj", "{79F7BC5E-546F-4531-9AF6-C2C020B56B7B}"
EndProject
Global
	GlobalSection(SolutionConfigurationPlatforms) = preSolution
		Debug|Any CPU = Debug|Any CPU
		Release|Any CPU = Release|Any CPU
	EndGlobalSection
	GlobalSection(ProjectConfigurationPlatforms) = postSolution
		{79F7BC5E-546F-4531-9AF6-C2C020B56B7B}.Debug|Any CPU.ActiveCfg = Debug|Any CPU
		{79F7BC5E-546F-4531-9AF6-C2C020B56B7B}.Debug|Any CPU.Build.0 = Debug|Any CPU
		{79F7BC5E-546F-4531-9AF6-C2C020B56B7B}.Release|Any CPU.ActiveCfg = Release|Any CPU
		{79F7BC5E-546F-4531-9AF6-C2C020B56B7B}.Release|Any CPU.Build.0 = Release|Any CPU
	EndGlobalSection
	GlobalSection(SolutionProperties) = preSolution
		HideSolutionNode = FALSE
	EndGlobalSection
	GlobalSection(ExtensibilityGlobals) = postSolution
		SolutionGuid = {31933BC4-A017-4570-A56E-15BDB3112619}
	EndGlobalSection
EndGlobal
