
Microsoft Visual Studio Solution File, Format Version 12.00
# Visual Studio Version 16
VisualStudioVersion = 16.0.30114.105
MinimumVisualStudioVersion = 10.0.40219.1
Project("{FAE04EC0-301F-11D3-BF4B-00C04F79EFBC}") = "ex11.5_3", "ex11.5_3.csproj", "{DC6B89D6-24B1-4030-BACC-80C178A73A65}"
EndProject
Global
	GlobalSection(SolutionConfigurationPlatforms) = preSolution
		Debug|Any CPU = Debug|Any CPU
		Release|Any CPU = Release|Any CPU
	EndGlobalSection
	GlobalSection(ProjectConfigurationPlatforms) = postSolution
		{DC6B89D6-24B1-4030-BACC-80C178A73A65}.Debug|Any CPU.ActiveCfg = Debug|Any CPU
		{DC6B89D6-24B1-4030-BACC-80C178A73A65}.Debug|Any CPU.Build.0 = Debug|Any CPU
		{DC6B89D6-24B1-4030-BACC-80C178A73A65}.Release|Any CPU.ActiveCfg = Release|Any CPU
		{DC6B89D6-24B1-4030-BACC-80C178A73A65}.Release|Any CPU.Build.0 = Release|Any CPU
	EndGlobalSection
	GlobalSection(SolutionProperties) = preSolution
		HideSolutionNode = FALSE
	EndGlobalSection
	GlobalSection(ExtensibilityGlobals) = postSolution
		SolutionGuid = {717065C5-B57A-4FC0-8F1A-AF1116A91BA1}
	EndGlobalSection
EndGlobal
