
Microsoft Visual Studio Solution File, Format Version 12.00
# Visual Studio Version 16
VisualStudioVersion = 16.0.30114.105
MinimumVisualStudioVersion = 10.0.40219.1
Project("{FAE04EC0-301F-11D3-BF4B-00C04F79EFBC}") = "MouseWheelApp", "MouseWheelApp.csproj", "{0E0033F2-0865-4A0F-BA64-36F0843B91A4}"
EndProject
Global
	GlobalSection(SolutionConfigurationPlatforms) = preSolution
		Debug|Any CPU = Debug|Any CPU
		Release|Any CPU = Release|Any CPU
	EndGlobalSection
	GlobalSection(ProjectConfigurationPlatforms) = postSolution
		{0E0033F2-0865-4A0F-BA64-36F0843B91A4}.Debug|Any CPU.ActiveCfg = Debug|Any CPU
		{0E0033F2-0865-4A0F-BA64-36F0843B91A4}.Debug|Any CPU.Build.0 = Debug|Any CPU
		{0E0033F2-0865-4A0F-BA64-36F0843B91A4}.Release|Any CPU.ActiveCfg = Release|Any CPU
		{0E0033F2-0865-4A0F-BA64-36F0843B91A4}.Release|Any CPU.Build.0 = Release|Any CPU
	EndGlobalSection
	GlobalSection(SolutionProperties) = preSolution
		HideSolutionNode = FALSE
	EndGlobalSection
	GlobalSection(ExtensibilityGlobals) = postSolution
		SolutionGuid = {A7D365EE-DB07-4120-BDFF-4DF8131F22F8}
	EndGlobalSection
EndGlobal
