
Microsoft Visual Studio Solution File, Format Version 12.00
# Visual Studio Version 16
VisualStudioVersion = 16.0.30114.105
MinimumVisualStudioVersion = 10.0.40219.1
Project("{FAE04EC0-301F-11D3-BF4B-00C04F79EFBC}") = "KeyEventApp", "KeyEventApp.csproj", "{878837F0-CE1A-4D5B-BDC8-FCE925CA1337}"
EndProject
Global
	GlobalSection(SolutionConfigurationPlatforms) = preSolution
		Debug|Any CPU = Debug|Any CPU
		Release|Any CPU = Release|Any CPU
	EndGlobalSection
	GlobalSection(ProjectConfigurationPlatforms) = postSolution
		{878837F0-CE1A-4D5B-BDC8-FCE925CA1337}.Debug|Any CPU.ActiveCfg = Debug|Any CPU
		{878837F0-CE1A-4D5B-BDC8-FCE925CA1337}.Debug|Any CPU.Build.0 = Debug|Any CPU
		{878837F0-CE1A-4D5B-BDC8-FCE925CA1337}.Release|Any CPU.ActiveCfg = Release|Any CPU
		{878837F0-CE1A-4D5B-BDC8-FCE925CA1337}.Release|Any CPU.Build.0 = Release|Any CPU
	EndGlobalSection
	GlobalSection(SolutionProperties) = preSolution
		HideSolutionNode = FALSE
	EndGlobalSection
	GlobalSection(ExtensibilityGlobals) = postSolution
		SolutionGuid = {12D5F717-0A1D-4950-9452-8BD720587896}
	EndGlobalSection
EndGlobal
