
Microsoft Visual Studio Solution File, Format Version 12.00
# Visual Studio Version 16
VisualStudioVersion = 16.0.31105.61
MinimumVisualStudioVersion = 10.0.40219.1
Project("{FAE04EC0-301F-11D3-BF4B-00C04F79EFBC}") = "20210319_01", "20210319_01.csproj", "{D2B6DBDF-CE14-4F63-A4A0-B9BBD6B5D7CC}"
EndProject
Global
	GlobalSection(SolutionConfigurationPlatforms) = preSolution
		Debug|Any CPU = Debug|Any CPU
		Release|Any CPU = Release|Any CPU
	EndGlobalSection
	GlobalSection(ProjectConfigurationPlatforms) = postSolution
		{D2B6DBDF-CE14-4F63-A4A0-B9BBD6B5D7CC}.Debug|Any CPU.ActiveCfg = Debug|Any CPU
		{D2B6DBDF-CE14-4F63-A4A0-B9BBD6B5D7CC}.Debug|Any CPU.Build.0 = Debug|Any CPU
		{D2B6DBDF-CE14-4F63-A4A0-B9BBD6B5D7CC}.Release|Any CPU.ActiveCfg = Release|Any CPU
		{D2B6DBDF-CE14-4F63-A4A0-B9BBD6B5D7CC}.Release|Any CPU.Build.0 = Release|Any CPU
	EndGlobalSection
	GlobalSection(SolutionProperties) = preSolution
		HideSolutionNode = FALSE
	EndGlobalSection
	GlobalSection(ExtensibilityGlobals) = postSolution
		SolutionGuid = {13C6F7B3-7D5E-400B-B0F6-D87CDDAE0AB9}
	EndGlobalSection
EndGlobal
