
Microsoft Visual Studio Solution File, Format Version 12.00
# Visual Studio Version 16
VisualStudioVersion = 16.0.30114.105
MinimumVisualStudioVersion = 10.0.40219.1
Project("{FAE04EC0-301F-11D3-BF4B-00C04F79EFBC}") = "code04_30", "code04_30.csproj", "{FA13B4D5-1F20-48B0-A6D6-1EF64E51DA63}"
EndProject
Global
	GlobalSection(SolutionConfigurationPlatforms) = preSolution
		Debug|Any CPU = Debug|Any CPU
		Release|Any CPU = Release|Any CPU
	EndGlobalSection
	GlobalSection(ProjectConfigurationPlatforms) = postSolution
		{FA13B4D5-1F20-48B0-A6D6-1EF64E51DA63}.Debug|Any CPU.ActiveCfg = Debug|Any CPU
		{FA13B4D5-1F20-48B0-A6D6-1EF64E51DA63}.Debug|Any CPU.Build.0 = Debug|Any CPU
		{FA13B4D5-1F20-48B0-A6D6-1EF64E51DA63}.Release|Any CPU.ActiveCfg = Release|Any CPU
		{FA13B4D5-1F20-48B0-A6D6-1EF64E51DA63}.Release|Any CPU.Build.0 = Release|Any CPU
	EndGlobalSection
	GlobalSection(SolutionProperties) = preSolution
		HideSolutionNode = FALSE
	EndGlobalSection
	GlobalSection(ExtensibilityGlobals) = postSolution
		SolutionGuid = {A0804B22-3E35-4ECD-B79A-B061968BC77A}
	EndGlobalSection
EndGlobal
