
Microsoft Visual Studio Solution File, Format Version 12.00
# Visual Studio Version 16
VisualStudioVersion = 16.0.30114.105
MinimumVisualStudioVersion = 10.0.40219.1
Project("{FAE04EC0-301F-11D3-BF4B-00C04F79EFBC}") = "code05_19", "code05_19.csproj", "{DB623A8D-2F95-4448-BD4A-C12F74C42428}"
EndProject
Global
	GlobalSection(SolutionConfigurationPlatforms) = preSolution
		Debug|Any CPU = Debug|Any CPU
		Release|Any CPU = Release|Any CPU
	EndGlobalSection
	GlobalSection(ProjectConfigurationPlatforms) = postSolution
		{DB623A8D-2F95-4448-BD4A-C12F74C42428}.Debug|Any CPU.ActiveCfg = Debug|Any CPU
		{DB623A8D-2F95-4448-BD4A-C12F74C42428}.Debug|Any CPU.Build.0 = Debug|Any CPU
		{DB623A8D-2F95-4448-BD4A-C12F74C42428}.Release|Any CPU.ActiveCfg = Release|Any CPU
		{DB623A8D-2F95-4448-BD4A-C12F74C42428}.Release|Any CPU.Build.0 = Release|Any CPU
	EndGlobalSection
	GlobalSection(SolutionProperties) = preSolution
		HideSolutionNode = FALSE
	EndGlobalSection
	GlobalSection(ExtensibilityGlobals) = postSolution
		SolutionGuid = {169D38FC-D2F1-4AB2-AE95-0E01C61CD013}
	EndGlobalSection
EndGlobal
