
Microsoft Visual Studio Solution File, Format Version 12.00
# Visual Studio Version 16
VisualStudioVersion = 16.0.31105.61
MinimumVisualStudioVersion = 10.0.40219.1
Project("{FAE04EC0-301F-11D3-BF4B-00C04F79EFBC}") = "20200409_02", "20200409_02.csproj", "{4E6052F4-2758-48DC-BFE7-F37A15FDD951}"
EndProject
Global
	GlobalSection(SolutionConfigurationPlatforms) = preSolution
		Debug|Any CPU = Debug|Any CPU
		Release|Any CPU = Release|Any CPU
	EndGlobalSection
	GlobalSection(ProjectConfigurationPlatforms) = postSolution
		{4E6052F4-2758-48DC-BFE7-F37A15FDD951}.Debug|Any CPU.ActiveCfg = Debug|Any CPU
		{4E6052F4-2758-48DC-BFE7-F37A15FDD951}.Debug|Any CPU.Build.0 = Debug|Any CPU
		{4E6052F4-2758-48DC-BFE7-F37A15FDD951}.Release|Any CPU.ActiveCfg = Release|Any CPU
		{4E6052F4-2758-48DC-BFE7-F37A15FDD951}.Release|Any CPU.Build.0 = Release|Any CPU
	EndGlobalSection
	GlobalSection(SolutionProperties) = preSolution
		HideSolutionNode = FALSE
	EndGlobalSection
	GlobalSection(ExtensibilityGlobals) = postSolution
		SolutionGuid = {72BDE43C-A56B-41E3-B670-666095C76DFB}
	EndGlobalSection
EndGlobal
