
Microsoft Visual Studio Solution File, Format Version 12.00
# Visual Studio Version 16
VisualStudioVersion = 16.0.30114.105
MinimumVisualStudioVersion = 10.0.40219.1
Project("{FAE04EC0-301F-11D3-BF4B-00C04F79EFBC}") = "PromptCloseApp", "PromptCloseApp.csproj", "{83425D89-9DF1-4941-BA60-57E568D44D62}"
EndProject
Global
	GlobalSection(SolutionConfigurationPlatforms) = preSolution
		Debug|Any CPU = Debug|Any CPU
		Release|Any CPU = Release|Any CPU
	EndGlobalSection
	GlobalSection(ProjectConfigurationPlatforms) = postSolution
		{83425D89-9DF1-4941-BA60-57E568D44D62}.Debug|Any CPU.ActiveCfg = Debug|Any CPU
		{83425D89-9DF1-4941-BA60-57E568D44D62}.Debug|Any CPU.Build.0 = Debug|Any CPU
		{83425D89-9DF1-4941-BA60-57E568D44D62}.Release|Any CPU.ActiveCfg = Release|Any CPU
		{83425D89-9DF1-4941-BA60-57E568D44D62}.Release|Any CPU.Build.0 = Release|Any CPU
	EndGlobalSection
	GlobalSection(SolutionProperties) = preSolution
		HideSolutionNode = FALSE
	EndGlobalSection
	GlobalSection(ExtensibilityGlobals) = postSolution
		SolutionGuid = {54361EFB-A5F5-47BA-8B34-3C8DCC9666AF}
	EndGlobalSection
EndGlobal
