
Microsoft Visual Studio Solution File, Format Version 12.00
# Visual Studio Version 16
VisualStudioVersion = 16.0.30114.105
MinimumVisualStudioVersion = 10.0.40219.1
Project("{FAE04EC0-301F-11D3-BF4B-00C04F79EFBC}") = "ex07.6_4", "ex07.6_4.csproj", "{37B2DA48-C807-4D94-BD3B-0962CA64D0A0}"
EndProject
Global
	GlobalSection(SolutionConfigurationPlatforms) = preSolution
		Debug|Any CPU = Debug|Any CPU
		Release|Any CPU = Release|Any CPU
	EndGlobalSection
	GlobalSection(ProjectConfigurationPlatforms) = postSolution
		{37B2DA48-C807-4D94-BD3B-0962CA64D0A0}.Debug|Any CPU.ActiveCfg = Debug|Any CPU
		{37B2DA48-C807-4D94-BD3B-0962CA64D0A0}.Debug|Any CPU.Build.0 = Debug|Any CPU
		{37B2DA48-C807-4D94-BD3B-0962CA64D0A0}.Release|Any CPU.ActiveCfg = Release|Any CPU
		{37B2DA48-C807-4D94-BD3B-0962CA64D0A0}.Release|Any CPU.Build.0 = Release|Any CPU
	EndGlobalSection
	GlobalSection(SolutionProperties) = preSolution
		HideSolutionNode = FALSE
	EndGlobalSection
	GlobalSection(ExtensibilityGlobals) = postSolution
		SolutionGuid = {314598EA-F7F9-4046-A29C-8B63DF5E96F8}
	EndGlobalSection
EndGlobal
