
Microsoft Visual Studio Solution File, Format Version 12.00
# Visual Studio Version 16
VisualStudioVersion = 16.0.31105.61
MinimumVisualStudioVersion = 10.0.40219.1
Project("{FAE04EC0-301F-11D3-BF4B-00C04F79EFBC}") = "20200312_03", "20200312_03.csproj", "{02C562E7-1ED5-45FA-AE05-284B91040CEF}"
EndProject
Global
	GlobalSection(SolutionConfigurationPlatforms) = preSolution
		Debug|Any CPU = Debug|Any CPU
		Release|Any CPU = Release|Any CPU
	EndGlobalSection
	GlobalSection(ProjectConfigurationPlatforms) = postSolution
		{02C562E7-1ED5-45FA-AE05-284B91040CEF}.Debug|Any CPU.ActiveCfg = Debug|Any CPU
		{02C562E7-1ED5-45FA-AE05-284B91040CEF}.Debug|Any CPU.Build.0 = Debug|Any CPU
		{02C562E7-1ED5-45FA-AE05-284B91040CEF}.Release|Any CPU.ActiveCfg = Release|Any CPU
		{02C562E7-1ED5-45FA-AE05-284B91040CEF}.Release|Any CPU.Build.0 = Release|Any CPU
	EndGlobalSection
	GlobalSection(SolutionProperties) = preSolution
		HideSolutionNode = FALSE
	EndGlobalSection
	GlobalSection(ExtensibilityGlobals) = postSolution
		SolutionGuid = {731F1C87-AC24-4095-BD0C-25D0570B611F}
	EndGlobalSection
EndGlobal
