
Microsoft Visual Studio Solution File, Format Version 12.00
# Visual Studio Version 16
VisualStudioVersion = 16.0.30114.105
MinimumVisualStudioVersion = 10.0.40219.1
Project("{FAE04EC0-301F-11D3-BF4B-00C04F79EFBC}") = "ex10.6_1", "ex10.6_1.csproj", "{D22DD022-8D80-4F76-94BB-2FC8C723895D}"
EndProject
Global
	GlobalSection(SolutionConfigurationPlatforms) = preSolution
		Debug|Any CPU = Debug|Any CPU
		Release|Any CPU = Release|Any CPU
	EndGlobalSection
	GlobalSection(ProjectConfigurationPlatforms) = postSolution
		{D22DD022-8D80-4F76-94BB-2FC8C723895D}.Debug|Any CPU.ActiveCfg = Debug|Any CPU
		{D22DD022-8D80-4F76-94BB-2FC8C723895D}.Debug|Any CPU.Build.0 = Debug|Any CPU
		{D22DD022-8D80-4F76-94BB-2FC8C723895D}.Release|Any CPU.ActiveCfg = Release|Any CPU
		{D22DD022-8D80-4F76-94BB-2FC8C723895D}.Release|Any CPU.Build.0 = Release|Any CPU
	EndGlobalSection
	GlobalSection(SolutionProperties) = preSolution
		HideSolutionNode = FALSE
	EndGlobalSection
	GlobalSection(ExtensibilityGlobals) = postSolution
		SolutionGuid = {A4221AB5-79D7-46F3-AF2F-73E9E387DBA2}
	EndGlobalSection
EndGlobal
