
Microsoft Visual Studio Solution File, Format Version 12.00
# Visual Studio Version 16
VisualStudioVersion = 16.0.30114.105
MinimumVisualStudioVersion = 10.0.40219.1
Project("{FAE04EC0-301F-11D3-BF4B-00C04F79EFBC}") = "code05_02", "code05_02.csproj", "{81F1ADF2-BDE9-48F7-A255-EF7B51C0CCDE}"
EndProject
Global
	GlobalSection(SolutionConfigurationPlatforms) = preSolution
		Debug|Any CPU = Debug|Any CPU
		Release|Any CPU = Release|Any CPU
	EndGlobalSection
	GlobalSection(ProjectConfigurationPlatforms) = postSolution
		{81F1ADF2-BDE9-48F7-A255-EF7B51C0CCDE}.Debug|Any CPU.ActiveCfg = Debug|Any CPU
		{81F1ADF2-BDE9-48F7-A255-EF7B51C0CCDE}.Debug|Any CPU.Build.0 = Debug|Any CPU
		{81F1ADF2-BDE9-48F7-A255-EF7B51C0CCDE}.Release|Any CPU.ActiveCfg = Release|Any CPU
		{81F1ADF2-BDE9-48F7-A255-EF7B51C0CCDE}.Release|Any CPU.Build.0 = Release|Any CPU
	EndGlobalSection
	GlobalSection(SolutionProperties) = preSolution
		HideSolutionNode = FALSE
	EndGlobalSection
	GlobalSection(ExtensibilityGlobals) = postSolution
		SolutionGuid = {A3B4CEFD-7A72-4720-85F7-82D53F97C588}
	EndGlobalSection
EndGlobal
