
Microsoft Visual Studio Solution File, Format Version 12.00
# Visual Studio Version 16
VisualStudioVersion = 16.0.30114.105
MinimumVisualStudioVersion = 10.0.40219.1
Project("{FAE04EC0-301F-11D3-BF4B-00C04F79EFBC}") = "11", "11.csproj", "{43E8C9F5-00C6-44D3-A5CF-EA08A5824AEF}"
EndProject
Global
	GlobalSection(SolutionConfigurationPlatforms) = preSolution
		Debug|Any CPU = Debug|Any CPU
		Release|Any CPU = Release|Any CPU
	EndGlobalSection
	GlobalSection(ProjectConfigurationPlatforms) = postSolution
		{43E8C9F5-00C6-44D3-A5CF-EA08A5824AEF}.Debug|Any CPU.ActiveCfg = Debug|Any CPU
		{43E8C9F5-00C6-44D3-A5CF-EA08A5824AEF}.Debug|Any CPU.Build.0 = Debug|Any CPU
		{43E8C9F5-00C6-44D3-A5CF-EA08A5824AEF}.Release|Any CPU.ActiveCfg = Release|Any CPU
		{43E8C9F5-00C6-44D3-A5CF-EA08A5824AEF}.Release|Any CPU.Build.0 = Release|Any CPU
	EndGlobalSection
	GlobalSection(SolutionProperties) = preSolution
		HideSolutionNode = FALSE
	EndGlobalSection
	GlobalSection(ExtensibilityGlobals) = postSolution
		SolutionGuid = {9A94303D-88AF-4E12-BA2C-67B74A1BA5E4}
	EndGlobalSection
EndGlobal
