
Microsoft Visual Studio Solution File, Format Version 12.00
# Visual Studio Version 16
VisualStudioVersion = 16.0.30114.105
MinimumVisualStudioVersion = 10.0.40219.1
Project("{FAE04EC0-301F-11D3-BF4B-00C04F79EFBC}") = "ex08.7_2", "ex08.7_2.csproj", "{1C6E1A8B-7F98-474A-926C-EE01B1A23B30}"
EndProject
Global
	GlobalSection(SolutionConfigurationPlatforms) = preSolution
		Debug|Any CPU = Debug|Any CPU
		Release|Any CPU = Release|Any CPU
	EndGlobalSection
	GlobalSection(ProjectConfigurationPlatforms) = postSolution
		{1C6E1A8B-7F98-474A-926C-EE01B1A23B30}.Debug|Any CPU.ActiveCfg = Debug|Any CPU
		{1C6E1A8B-7F98-474A-926C-EE01B1A23B30}.Debug|Any CPU.Build.0 = Debug|Any CPU
		{1C6E1A8B-7F98-474A-926C-EE01B1A23B30}.Release|Any CPU.ActiveCfg = Release|Any CPU
		{1C6E1A8B-7F98-474A-926C-EE01B1A23B30}.Release|Any CPU.Build.0 = Release|Any CPU
	EndGlobalSection
	GlobalSection(SolutionProperties) = preSolution
		HideSolutionNode = FALSE
	EndGlobalSection
	GlobalSection(ExtensibilityGlobals) = postSolution
		SolutionGuid = {157D30DE-214F-40F0-A5DF-00182B474C59}
	EndGlobalSection
EndGlobal
