
Microsoft Visual Studio Solution File, Format Version 12.00
# Visual Studio Version 16
VisualStudioVersion = 16.0.30114.105
MinimumVisualStudioVersion = 10.0.40219.1
Project("{FAE04EC0-301F-11D3-BF4B-00C04F79EFBC}") = "LoadClosedEventApp", "LoadClosedEventApp.csproj", "{F6028E89-D761-4639-9A3E-CB5816519603}"
EndProject
Global
	GlobalSection(SolutionConfigurationPlatforms) = preSolution
		Debug|Any CPU = Debug|Any CPU
		Release|Any CPU = Release|Any CPU
	EndGlobalSection
	GlobalSection(ProjectConfigurationPlatforms) = postSolution
		{F6028E89-D761-4639-9A3E-CB5816519603}.Debug|Any CPU.ActiveCfg = Debug|Any CPU
		{F6028E89-D761-4639-9A3E-CB5816519603}.Debug|Any CPU.Build.0 = Debug|Any CPU
		{F6028E89-D761-4639-9A3E-CB5816519603}.Release|Any CPU.ActiveCfg = Release|Any CPU
		{F6028E89-D761-4639-9A3E-CB5816519603}.Release|Any CPU.Build.0 = Release|Any CPU
	EndGlobalSection
	GlobalSection(SolutionProperties) = preSolution
		HideSolutionNode = FALSE
	EndGlobalSection
	GlobalSection(ExtensibilityGlobals) = postSolution
		SolutionGuid = {F873488D-FC1D-4529-BD64-5B9BC0FE3C63}
	EndGlobalSection
EndGlobal
