
Microsoft Visual Studio Solution File, Format Version 12.00
# Visual Studio Version 16
VisualStudioVersion = 16.0.30114.105
MinimumVisualStudioVersion = 10.0.40219.1
Project("{FAE04EC0-301F-11D3-BF4B-00C04F79EFBC}") = "ex10.06_3", "ex10.06_3.csproj", "{BFFFE9BA-1AFC-40F5-94FE-6DB9AD779B64}"
EndProject
Global
	GlobalSection(SolutionConfigurationPlatforms) = preSolution
		Debug|Any CPU = Debug|Any CPU
		Release|Any CPU = Release|Any CPU
	EndGlobalSection
	GlobalSection(ProjectConfigurationPlatforms) = postSolution
		{BFFFE9BA-1AFC-40F5-94FE-6DB9AD779B64}.Debug|Any CPU.ActiveCfg = Debug|Any CPU
		{BFFFE9BA-1AFC-40F5-94FE-6DB9AD779B64}.Debug|Any CPU.Build.0 = Debug|Any CPU
		{BFFFE9BA-1AFC-40F5-94FE-6DB9AD779B64}.Release|Any CPU.ActiveCfg = Release|Any CPU
		{BFFFE9BA-1AFC-40F5-94FE-6DB9AD779B64}.Release|Any CPU.Build.0 = Release|Any CPU
	EndGlobalSection
	GlobalSection(SolutionProperties) = preSolution
		HideSolutionNode = FALSE
	EndGlobalSection
	GlobalSection(ExtensibilityGlobals) = postSolution
		SolutionGuid = {13910FBA-4FF7-4D8E-9117-796D14DDAE11}
	EndGlobalSection
EndGlobal
