
Microsoft Visual Studio Solution File, Format Version 12.00
# Visual Studio Version 16
VisualStudioVersion = 16.0.30114.105
MinimumVisualStudioVersion = 10.0.40219.1
Project("{FAE04EC0-301F-11D3-BF4B-00C04F79EFBC}") = "code06_34", "code06_34.csproj", "{5F89AF2F-CE78-4506-A9CE-AA10A9C9B031}"
EndProject
Global
	GlobalSection(SolutionConfigurationPlatforms) = preSolution
		Debug|Any CPU = Debug|Any CPU
		Release|Any CPU = Release|Any CPU
	EndGlobalSection
	GlobalSection(ProjectConfigurationPlatforms) = postSolution
		{5F89AF2F-CE78-4506-A9CE-AA10A9C9B031}.Debug|Any CPU.ActiveCfg = Debug|Any CPU
		{5F89AF2F-CE78-4506-A9CE-AA10A9C9B031}.Debug|Any CPU.Build.0 = Debug|Any CPU
		{5F89AF2F-CE78-4506-A9CE-AA10A9C9B031}.Release|Any CPU.ActiveCfg = Release|Any CPU
		{5F89AF2F-CE78-4506-A9CE-AA10A9C9B031}.Release|Any CPU.Build.0 = Release|Any CPU
	EndGlobalSection
	GlobalSection(SolutionProperties) = preSolution
		HideSolutionNode = FALSE
	EndGlobalSection
	GlobalSection(ExtensibilityGlobals) = postSolution
		SolutionGuid = {455D6C93-7591-4190-AA7D-C4C155257FA3}
	EndGlobalSection
EndGlobal
