
Microsoft Visual Studio Solution File, Format Version 12.00
# Visual Studio Version 16
VisualStudioVersion = 16.0.30114.105
MinimumVisualStudioVersion = 10.0.40219.1
Project("{FAE04EC0-301F-11D3-BF4B-00C04F79EFBC}") = "code06_10", "code06_10.csproj", "{D2CDF9A8-9CD2-47FF-B6FE-53594A718036}"
EndProject
Global
	GlobalSection(SolutionConfigurationPlatforms) = preSolution
		Debug|Any CPU = Debug|Any CPU
		Release|Any CPU = Release|Any CPU
	EndGlobalSection
	GlobalSection(ProjectConfigurationPlatforms) = postSolution
		{D2CDF9A8-9CD2-47FF-B6FE-53594A718036}.Debug|Any CPU.ActiveCfg = Debug|Any CPU
		{D2CDF9A8-9CD2-47FF-B6FE-53594A718036}.Debug|Any CPU.Build.0 = Debug|Any CPU
		{D2CDF9A8-9CD2-47FF-B6FE-53594A718036}.Release|Any CPU.ActiveCfg = Release|Any CPU
		{D2CDF9A8-9CD2-47FF-B6FE-53594A718036}.Release|Any CPU.Build.0 = Release|Any CPU
	EndGlobalSection
	GlobalSection(SolutionProperties) = preSolution
		HideSolutionNode = FALSE
	EndGlobalSection
	GlobalSection(ExtensibilityGlobals) = postSolution
		SolutionGuid = {12454943-DE12-4E9A-951C-635BE0899F1E}
	EndGlobalSection
EndGlobal
