
Microsoft Visual Studio Solution File, Format Version 12.00
# Visual Studio Version 16
VisualStudioVersion = 16.0.30114.105
MinimumVisualStudioVersion = 10.0.40219.1
Project("{FAE04EC0-301F-11D3-BF4B-00C04F79EFBC}") = "MultiSelectApp", "MultiSelectApp.csproj", "{0E4F50F0-EDC1-4703-9C7F-3495EDCF5299}"
EndProject
Global
	GlobalSection(SolutionConfigurationPlatforms) = preSolution
		Debug|Any CPU = Debug|Any CPU
		Release|Any CPU = Release|Any CPU
	EndGlobalSection
	GlobalSection(ProjectConfigurationPlatforms) = postSolution
		{0E4F50F0-EDC1-4703-9C7F-3495EDCF5299}.Debug|Any CPU.ActiveCfg = Debug|Any CPU
		{0E4F50F0-EDC1-4703-9C7F-3495EDCF5299}.Debug|Any CPU.Build.0 = Debug|Any CPU
		{0E4F50F0-EDC1-4703-9C7F-3495EDCF5299}.Release|Any CPU.ActiveCfg = Release|Any CPU
		{0E4F50F0-EDC1-4703-9C7F-3495EDCF5299}.Release|Any CPU.Build.0 = Release|Any CPU
	EndGlobalSection
	GlobalSection(SolutionProperties) = preSolution
		HideSolutionNode = FALSE
	EndGlobalSection
	GlobalSection(ExtensibilityGlobals) = postSolution
		SolutionGuid = {BDCF05A7-5130-4656-9968-0912EF83CF69}
	EndGlobalSection
EndGlobal
